{
  "name": "edison",
  "version": "1.0.0",
  "lockfileVersion": 1,
  "requires": true,
  "dependencies": {
    "bsaq": {
      "version": "1.4.2",
      "resolved": "https://registry.npmjs.org/bsaq/-/bsaq-1.4.2.tgz",
      "integrity": "sha512-lndAAK2OsHb2XsUybmZWU2Q5MZjn6AFlijOz+iMQ8G3HiL5b+YE+XKSi2Bbh0IKDcmFQg2XusVNEv9fiScXAlw==",
      "requires": {
        "const": "^1.0.0",
        "crypto-js": "^4.0.0",
        "https": "^1.0.0",
        "node-persist": "^3.0.5"
      }
    },
    "const": {
      "version": "1.0.0",
      "resolved": "https://registry.npmjs.org/const/-/const-1.0.0.tgz",
      "integrity": "sha512-E24n5WFSXaU6+BFaCqImKvuoroCm4jzi4imyA0e20wODGm02n/PmfNLOdngkXAh9DYSEDZIQ/cR+ADEPD1GJpA=="
    },
    "crypto-js": {
      "version": "4.1.1",
      "resolved": "https://registry.npmjs.org/crypto-js/-/crypto-js-4.1.1.tgz",
      "integrity": "sha512-o2JlM7ydqd3Qk9CA0L4NL6mTzU2sdx96a+oOfPu8Mkl/PK51vSyoi8/rQ8NknZtk44vq15lmhAj9CIAGwgeWKw=="
    },
    "https": {
      "version": "1.0.0",
      "resolved": "https://registry.npmjs.org/https/-/https-1.0.0.tgz",
      "integrity": "sha512-4EC57ddXrkaF0x83Oj8sM6SLQHAWXw90Skqu2M4AEWENZ3F02dFJE/GARA8igO79tcgYqGrD7ae4f5L3um2lgg=="
    },
    "node-persist": {
      "version": "3.1.3",
      "resolved": "https://registry.npmjs.org/node-persist/-/node-persist-3.1.3.tgz",
      "integrity": "sha512-CaFv+kSZtsc+VeDRldK1yR47k1vPLBpzYB9re2z7LIwITxwBtljMq3s8VQnnr+x3E8pQfHbc5r2IyJsBLJhtXg=="
    }
  }
}
